
Microsoft Visual Studio Solution File, Format Version 12.00
# Visual Studio Version 17
VisualStudioVersion = 17.14.36221.1 d17.14
MinimumVisualStudioVersion = 10.0.40219.1
Project("{FAE04EC0-301F-11D3-BF4B-00C04F79EFBC}") = "KHACHHANG", "KHACHHANG.csproj", "{EFB120BD-679C-41AB-A9A0-23CF409E9EDB}"
EndProject
Global
	GlobalSection(SolutionConfigurationPlatforms) = preSolution
		Debug|Any CPU = Debug|Any CPU
		Release|Any CPU = Release|Any CPU
	EndGlobalSection
	GlobalSection(ProjectConfigurationPlatforms) = postSolution
		{EFB120BD-679C-41AB-A9A0-23CF409E9EDB}.Debug|Any CPU.ActiveCfg = Debug|Any CPU
		{EFB120BD-679C-41AB-A9A0-23CF409E9EDB}.Debug|Any CPU.Build.0 = Debug|Any CPU
		{EFB120BD-679C-41AB-A9A0-23CF409E9EDB}.Release|Any CPU.ActiveCfg = Release|Any CPU
		{EFB120BD-679C-41AB-A9A0-23CF409E9EDB}.Release|Any CPU.Build.0 = Release|Any CPU
	EndGlobalSection
	GlobalSection(SolutionProperties) = preSolution
		HideSolutionNode = FALSE
	EndGlobalSection
	GlobalSection(ExtensibilityGlobals) = postSolution
		SolutionGuid = {BE1A211D-D237-4DE8-88C8-799F47DCA732}
	EndGlobalSection
EndGlobal
